
Microsoft Visual Studio Solution File, Format Version 12.00
# Visual Studio Version 16
VisualStudioVersion = 16.0.29609.76
MinimumVisualStudioVersion = 10.0.40219.1
Project("{FAE04EC0-301F-11D3-BF4B-00C04F79EFBC}") = "BasicOCR", "ImgBinEg\BasicOCR.csproj", "{3F3DCFAF-D50C-4BA1-8716-6F1E656BFD2D}"
EndProject
Project("{FAE04EC0-301F-11D3-BF4B-00C04F79EFBC}") = "demo", "demo\demo.csproj", "{5E98E196-86AD-4FB8-A390-AC30CE1589C7}"
EndProject
Project("{FAE04EC0-301F-11D3-BF4B-00C04F79EFBC}") = "FaceDetection", "FaceDetection\FaceDetection.csproj", "{19B7712E-2898-40AC-864F-5595667724C5}"
EndProject
Project("{FAE04EC0-301F-11D3-BF4B-00C04F79EFBC}") = "Emgu.CV.Test", "Emgu.CV.Test\Emgu.CV.Test.csproj", "{B129BE4F-6516-4767-952A-CB2C13B08804}"
EndProject
Project("{FAE04EC0-301F-11D3-BF4B-00C04F79EFBC}") = "LicensePlateRecognition", "LicensePlateRecognition\LicensePlateRecognition.csproj", "{67728CCA-5F38-4536-8E66-BFD9A668F46D}"
EndProject
Project("{FAE04EC0-301F-11D3-BF4B-00C04F79EFBC}") = "Emgu.CV.HelloWorld", "Emgu.CV.HelloWorld\Emgu.CV.HelloWorld.csproj", "{95984166-B597-4E2E-ACAE-1FB4D4EABD89}"
EndProject
Project("{2150E333-8FDC-42A3-9474-1A3956D46DE8}") = "Emgu.CV", "Emgu.CV", "{47FFEF68-C950-47DB-BAE8-B40C7770FB65}"
EndProject
Project("{FAE04EC0-301F-11D3-BF4B-00C04F79EFBC}") = "ShapeDetection", "ShapeDetection\ShapeDetection.csproj", "{3D25F9CC-C055-4FEE-9C0C-68FB1E3CDC9F}"
EndProject
Project("{FAE04EC0-301F-11D3-BF4B-00C04F79EFBC}") = "MotionDetection", "MotionDetection\MotionDetection.csproj", "{3D03E974-ABA8-4B32-8328-894B524341C9}"
EndProject
Project("{FAE04EC0-301F-11D3-BF4B-00C04F79EFBC}") = "OCR", "OCR\OCR.csproj", "{3C4F319C-52DC-4FD1-88D5-5A6548B17CAD}"
EndProject
Project("{2150E333-8FDC-42A3-9474-1A3956D46DE8}") = "Tesseract", "Tesseract", "{FD240FC3-08A9-41D8-BBD9-1793929745A2}"
EndProject
Project("{FAE04EC0-301F-11D3-BF4B-00C04F79EFBC}") = "Tesseract_Test_3.3.0", "ConvertBitmapToPix\Tesseract_Test_3.3.0.csproj", "{AAC26591-3C61-47B5-BDFE-B7778B99924A}"
EndProject
Project("{FAE04EC0-301F-11D3-BF4B-00C04F79EFBC}") = "Test_Tesseract_3.0.1_IPoVn_net2x86", "Test_Tesseract_3.0.1_net2\Test_Tesseract_3.0.1_IPoVn_net2x86.csproj", "{3A9B2425-13CD-4D5A-BF89-6DB94A8BA42C}"
EndProject
Project("{FAE04EC0-301F-11D3-BF4B-00C04F79EFBC}") = "Tesseract_AForge.NET_Captcha", "Tesseract_AForge.NET_Captcha\RecogCaptcha\Tesseract_AForge.NET_Captcha.csproj", "{81CF9EB1-A708-4564-9F35-342F3B6EEEEA}"
EndProject
Project("{2150E333-8FDC-42A3-9474-1A3956D46DE8}") = "Accord Handwriting", "Accord Handwriting", "{616378DD-74F8-4D1B-BB3F-8F1E15A32BEF}"
EndProject
Project("{FAE04EC0-301F-11D3-BF4B-00C04F79EFBC}") = "Accord Handwriting", "Accord.Net\Accord Handwriting\Samples\Statistics\Handwriting\Accord Handwriting.csproj", "{ECD64A23-8504-4A68-829D-FB1B6C726C85}"
EndProject
Project("{FAE04EC0-301F-11D3-BF4B-00C04F79EFBC}") = "Accord.Controls.Statistics", "Accord.Net\Accord Handwriting\Accord.Statistics.Controls\Accord.Controls.Statistics.csproj", "{0AB27A20-925C-4556-9FA4-6E2C109E448E}"
EndProject
Project("{FAE04EC0-301F-11D3-BF4B-00C04F79EFBC}") = "Accord.Math", "Accord.Net\Accord Handwriting\Accord.Math\Accord.Math.csproj", "{F718E9A8-DB62-4785-8C49-4333A60D256A}"
EndProject
Project("{FAE04EC0-301F-11D3-BF4B-00C04F79EFBC}") = "Accord.Statistics", "Accord.Net\Accord Handwriting\Accord.Statistics\Accord.Statistics.csproj", "{FD8101DD-C95D-42D6-AD44-AE01C25F2811}"
EndProject
Project("{2150E333-8FDC-42A3-9474-1A3956D46DE8}") = "src", "src", "{34DA1E55-01AD-48BF-9C84-CD1CB7083823}"
EndProject
Project("{2150E333-8FDC-42A3-9474-1A3956D46DE8}") = "Captcha-Solver", "Captcha-Solver", "{7458DB2A-969C-47DC-A707-E20D1ED0B1C7}"
EndProject
Project("{FAE04EC0-301F-11D3-BF4B-00C04F79EFBC}") = "Captcha-Solver-Gui", "Captcha-Solver\Captcha-Solver-Gui\Captcha-Solver-Gui.csproj", "{07272AD0-99BD-4D72-B02F-9DBD05EE1E41}"
EndProject
Project("{FAE04EC0-301F-11D3-BF4B-00C04F79EFBC}") = "Captcha-Solver-Lib", "Captcha-Solver\Captcha-Solver-Lib\Captcha-Solver-Lib.csproj", "{8C4560DB-57CE-4C1C-83B5-19284DCBCEF8}"
EndProject
Global
	GlobalSection(SolutionConfigurationPlatforms) = preSolution
		Debug|Any CPU = Debug|Any CPU
		Debug|x64 = Debug|x64
		Debug|x86 = Debug|x86
		Release|Any CPU = Release|Any CPU
		Release|x64 = Release|x64
		Release|x86 = Release|x86
	EndGlobalSection
	GlobalSection(ProjectConfigurationPlatforms) = postSolution
		{3F3DCFAF-D50C-4BA1-8716-6F1E656BFD2D}.Debug|Any CPU.ActiveCfg = Debug|Any CPU
		{3F3DCFAF-D50C-4BA1-8716-6F1E656BFD2D}.Debug|Any CPU.Build.0 = Debug|Any CPU
		{3F3DCFAF-D50C-4BA1-8716-6F1E656BFD2D}.Debug|x64.ActiveCfg = Debug|Any CPU
		{3F3DCFAF-D50C-4BA1-8716-6F1E656BFD2D}.Debug|x64.Build.0 = Debug|Any CPU
		{3F3DCFAF-D50C-4BA1-8716-6F1E656BFD2D}.Debug|x86.ActiveCfg = Debug|Any CPU
		{3F3DCFAF-D50C-4BA1-8716-6F1E656BFD2D}.Debug|x86.Build.0 = Debug|Any CPU
		{3F3DCFAF-D50C-4BA1-8716-6F1E656BFD2D}.Release|Any CPU.ActiveCfg = Release|Any CPU
		{3F3DCFAF-D50C-4BA1-8716-6F1E656BFD2D}.Release|Any CPU.Build.0 = Release|Any CPU
		{3F3DCFAF-D50C-4BA1-8716-6F1E656BFD2D}.Release|x64.ActiveCfg = Release|Any CPU
		{3F3DCFAF-D50C-4BA1-8716-6F1E656BFD2D}.Release|x64.Build.0 = Release|Any CPU
		{3F3DCFAF-D50C-4BA1-8716-6F1E656BFD2D}.Release|x86.ActiveCfg = Release|Any CPU
		{3F3DCFAF-D50C-4BA1-8716-6F1E656BFD2D}.Release|x86.Build.0 = Release|Any CPU
		{5E98E196-86AD-4FB8-A390-AC30CE1589C7}.Debug|Any CPU.ActiveCfg = Debug|Any CPU
		{5E98E196-86AD-4FB8-A390-AC30CE1589C7}.Debug|Any CPU.Build.0 = Debug|Any CPU
		{5E98E196-86AD-4FB8-A390-AC30CE1589C7}.Debug|x64.ActiveCfg = Debug|Any CPU
		{5E98E196-86AD-4FB8-A390-AC30CE1589C7}.Debug|x64.Build.0 = Debug|Any CPU
		{5E98E196-86AD-4FB8-A390-AC30CE1589C7}.Debug|x86.ActiveCfg = Debug|Any CPU
		{5E98E196-86AD-4FB8-A390-AC30CE1589C7}.Debug|x86.Build.0 = Debug|Any CPU
		{5E98E196-86AD-4FB8-A390-AC30CE1589C7}.Release|Any CPU.ActiveCfg = Release|Any CPU
		{5E98E196-86AD-4FB8-A390-AC30CE1589C7}.Release|Any CPU.Build.0 = Release|Any CPU
		{5E98E196-86AD-4FB8-A390-AC30CE1589C7}.Release|x64.ActiveCfg = Release|Any CPU
		{5E98E196-86AD-4FB8-A390-AC30CE1589C7}.Release|x64.Build.0 = Release|Any CPU
		{5E98E196-86AD-4FB8-A390-AC30CE1589C7}.Release|x86.ActiveCfg = Release|Any CPU
		{5E98E196-86AD-4FB8-A390-AC30CE1589C7}.Release|x86.Build.0 = Release|Any CPU
		{19B7712E-2898-40AC-864F-5595667724C5}.Debug|Any CPU.ActiveCfg = Debug|Any CPU
		{19B7712E-2898-40AC-864F-5595667724C5}.Debug|Any CPU.Build.0 = Debug|Any CPU
		{19B7712E-2898-40AC-864F-5595667724C5}.Debug|x64.ActiveCfg = Debug|Any CPU
		{19B7712E-2898-40AC-864F-5595667724C5}.Debug|x64.Build.0 = Debug|Any CPU
		{19B7712E-2898-40AC-864F-5595667724C5}.Debug|x86.ActiveCfg = Debug|Any CPU
		{19B7712E-2898-40AC-864F-5595667724C5}.Debug|x86.Build.0 = Debug|Any CPU
		{19B7712E-2898-40AC-864F-5595667724C5}.Release|Any CPU.ActiveCfg = Release|Any CPU
		{19B7712E-2898-40AC-864F-5595667724C5}.Release|Any CPU.Build.0 = Release|Any CPU
		{19B7712E-2898-40AC-864F-5595667724C5}.Release|x64.ActiveCfg = Release|Any CPU
		{19B7712E-2898-40AC-864F-5595667724C5}.Release|x64.Build.0 = Release|Any CPU
		{19B7712E-2898-40AC-864F-5595667724C5}.Release|x86.ActiveCfg = Release|Any CPU
		{19B7712E-2898-40AC-864F-5595667724C5}.Release|x86.Build.0 = Release|Any CPU
		{B129BE4F-6516-4767-952A-CB2C13B08804}.Debug|Any CPU.ActiveCfg = Debug|Any CPU
		{B129BE4F-6516-4767-952A-CB2C13B08804}.Debug|Any CPU.Build.0 = Debug|Any CPU
		{B129BE4F-6516-4767-952A-CB2C13B08804}.Debug|x64.ActiveCfg = Debug|Any CPU
		{B129BE4F-6516-4767-952A-CB2C13B08804}.Debug|x64.Build.0 = Debug|Any CPU
		{B129BE4F-6516-4767-952A-CB2C13B08804}.Debug|x86.ActiveCfg = Debug|Any CPU
		{B129BE4F-6516-4767-952A-CB2C13B08804}.Debug|x86.Build.0 = Debug|Any CPU
		{B129BE4F-6516-4767-952A-CB2C13B08804}.Release|Any CPU.ActiveCfg = Release|Any CPU
		{B129BE4F-6516-4767-952A-CB2C13B08804}.Release|Any CPU.Build.0 = Release|Any CPU
		{B129BE4F-6516-4767-952A-CB2C13B08804}.Release|x64.ActiveCfg = Release|Any CPU
		{B129BE4F-6516-4767-952A-CB2C13B08804}.Release|x64.Build.0 = Release|Any CPU
		{B129BE4F-6516-4767-952A-CB2C13B08804}.Release|x86.ActiveCfg = Release|Any CPU
		{B129BE4F-6516-4767-952A-CB2C13B08804}.Release|x86.Build.0 = Release|Any CPU
		{67728CCA-5F38-4536-8E66-BFD9A668F46D}.Debug|Any CPU.ActiveCfg = Debug|Any CPU
		{67728CCA-5F38-4536-8E66-BFD9A668F46D}.Debug|Any CPU.Build.0 = Debug|Any CPU
		{67728CCA-5F38-4536-8E66-BFD9A668F46D}.Debug|x64.ActiveCfg = Debug|Any CPU
		{67728CCA-5F38-4536-8E66-BFD9A668F46D}.Debug|x64.Build.0 = Debug|Any CPU
		{67728CCA-5F38-4536-8E66-BFD9A668F46D}.Debug|x86.ActiveCfg = Debug|Any CPU
		{67728CCA-5F38-4536-8E66-BFD9A668F46D}.Debug|x86.Build.0 = Debug|Any CPU
		{67728CCA-5F38-4536-8E66-BFD9A668F46D}.Release|Any CPU.ActiveCfg = Release|Any CPU
		{67728CCA-5F38-4536-8E66-BFD9A668F46D}.Release|Any CPU.Build.0 = Release|Any CPU
		{67728CCA-5F38-4536-8E66-BFD9A668F46D}.Release|x64.ActiveCfg = Release|Any CPU
		{67728CCA-5F38-4536-8E66-BFD9A668F46D}.Release|x64.Build.0 = Release|Any CPU
		{67728CCA-5F38-4536-8E66-BFD9A668F46D}.Release|x86.ActiveCfg = Release|Any CPU
		{67728CCA-5F38-4536-8E66-BFD9A668F46D}.Release|x86.Build.0 = Release|Any CPU
		{95984166-B597-4E2E-ACAE-1FB4D4EABD89}.Debug|Any CPU.ActiveCfg = Debug|Any CPU
		{95984166-B597-4E2E-ACAE-1FB4D4EABD89}.Debug|Any CPU.Build.0 = Debug|Any CPU
		{95984166-B597-4E2E-ACAE-1FB4D4EABD89}.Debug|x64.ActiveCfg = Debug|Any CPU
		{95984166-B597-4E2E-ACAE-1FB4D4EABD89}.Debug|x64.Build.0 = Debug|Any CPU
		{95984166-B597-4E2E-ACAE-1FB4D4EABD89}.Debug|x86.ActiveCfg = Debug|Any CPU
		{95984166-B597-4E2E-ACAE-1FB4D4EABD89}.Debug|x86.Build.0 = Debug|Any CPU
		{95984166-B597-4E2E-ACAE-1FB4D4EABD89}.Release|Any CPU.ActiveCfg = Release|Any CPU
		{95984166-B597-4E2E-ACAE-1FB4D4EABD89}.Release|Any CPU.Build.0 = Release|Any CPU
		{95984166-B597-4E2E-ACAE-1FB4D4EABD89}.Release|x64.ActiveCfg = Release|Any CPU
		{95984166-B597-4E2E-ACAE-1FB4D4EABD89}.Release|x64.Build.0 = Release|Any CPU
		{95984166-B597-4E2E-ACAE-1FB4D4EABD89}.Release|x86.ActiveCfg = Release|Any CPU
		{95984166-B597-4E2E-ACAE-1FB4D4EABD89}.Release|x86.Build.0 = Release|Any CPU
		{3D25F9CC-C055-4FEE-9C0C-68FB1E3CDC9F}.Debug|Any CPU.ActiveCfg = Debug|Any CPU
		{3D25F9CC-C055-4FEE-9C0C-68FB1E3CDC9F}.Debug|Any CPU.Build.0 = Debug|Any CPU
		{3D25F9CC-C055-4FEE-9C0C-68FB1E3CDC9F}.Debug|x64.ActiveCfg = Debug|Any CPU
		{3D25F9CC-C055-4FEE-9C0C-68FB1E3CDC9F}.Debug|x64.Build.0 = Debug|Any CPU
		{3D25F9CC-C055-4FEE-9C0C-68FB1E3CDC9F}.Debug|x86.ActiveCfg = Debug|Any CPU
		{3D25F9CC-C055-4FEE-9C0C-68FB1E3CDC9F}.Debug|x86.Build.0 = Debug|Any CPU
		{3D25F9CC-C055-4FEE-9C0C-68FB1E3CDC9F}.Release|Any CPU.ActiveCfg = Release|Any CPU
		{3D25F9CC-C055-4FEE-9C0C-68FB1E3CDC9F}.Release|Any CPU.Build.0 = Release|Any CPU
		{3D25F9CC-C055-4FEE-9C0C-68FB1E3CDC9F}.Release|x64.ActiveCfg = Release|Any CPU
		{3D25F9CC-C055-4FEE-9C0C-68FB1E3CDC9F}.Release|x64.Build.0 = Release|Any CPU
		{3D25F9CC-C055-4FEE-9C0C-68FB1E3CDC9F}.Release|x86.ActiveCfg = Release|Any CPU
		{3D25F9CC-C055-4FEE-9C0C-68FB1E3CDC9F}.Release|x86.Build.0 = Release|Any CPU
		{3D03E974-ABA8-4B32-8328-894B524341C9}.Debug|Any CPU.ActiveCfg = Debug|Any CPU
		{3D03E974-ABA8-4B32-8328-894B524341C9}.Debug|Any CPU.Build.0 = Debug|Any CPU
		{3D03E974-ABA8-4B32-8328-894B524341C9}.Debug|x64.ActiveCfg = Debug|Any CPU
		{3D03E974-ABA8-4B32-8328-894B524341C9}.Debug|x64.Build.0 = Debug|Any CPU
		{3D03E974-ABA8-4B32-8328-894B524341C9}.Debug|x86.ActiveCfg = Debug|Any CPU
		{3D03E974-ABA8-4B32-8328-894B524341C9}.Debug|x86.Build.0 = Debug|Any CPU
		{3D03E974-ABA8-4B32-8328-894B524341C9}.Release|Any CPU.ActiveCfg = Release|Any CPU
		{3D03E974-ABA8-4B32-8328-894B524341C9}.Release|Any CPU.Build.0 = Release|Any CPU
		{3D03E974-ABA8-4B32-8328-894B524341C9}.Release|x64.ActiveCfg = Release|Any CPU
		{3D03E974-ABA8-4B32-8328-894B524341C9}.Release|x64.Build.0 = Release|Any CPU
		{3D03E974-ABA8-4B32-8328-894B524341C9}.Release|x86.ActiveCfg = Release|Any CPU
		{3D03E974-ABA8-4B32-8328-894B524341C9}.Release|x86.Build.0 = Release|Any CPU
		{3C4F319C-52DC-4FD1-88D5-5A6548B17CAD}.Debug|Any CPU.ActiveCfg = Debug|Any CPU
		{3C4F319C-52DC-4FD1-88D5-5A6548B17CAD}.Debug|Any CPU.Build.0 = Debug|Any CPU
		{3C4F319C-52DC-4FD1-88D5-5A6548B17CAD}.Debug|x64.ActiveCfg = Debug|Any CPU
		{3C4F319C-52DC-4FD1-88D5-5A6548B17CAD}.Debug|x64.Build.0 = Debug|Any CPU
		{3C4F319C-52DC-4FD1-88D5-5A6548B17CAD}.Debug|x86.ActiveCfg = Debug|Any CPU
		{3C4F319C-52DC-4FD1-88D5-5A6548B17CAD}.Debug|x86.Build.0 = Debug|Any CPU
		{3C4F319C-52DC-4FD1-88D5-5A6548B17CAD}.Release|Any CPU.ActiveCfg = Release|Any CPU
		{3C4F319C-52DC-4FD1-88D5-5A6548B17CAD}.Release|Any CPU.Build.0 = Release|Any CPU
		{3C4F319C-52DC-4FD1-88D5-5A6548B17CAD}.Release|x64.ActiveCfg = Release|Any CPU
		{3C4F319C-52DC-4FD1-88D5-5A6548B17CAD}.Release|x64.Build.0 = Release|Any CPU
		{3C4F319C-52DC-4FD1-88D5-5A6548B17CAD}.Release|x86.ActiveCfg = Release|Any CPU
		{3C4F319C-52DC-4FD1-88D5-5A6548B17CAD}.Release|x86.Build.0 = Release|Any CPU
		{AAC26591-3C61-47B5-BDFE-B7778B99924A}.Debug|Any CPU.ActiveCfg = Debug|Any CPU
		{AAC26591-3C61-47B5-BDFE-B7778B99924A}.Debug|Any CPU.Build.0 = Debug|Any CPU
		{AAC26591-3C61-47B5-BDFE-B7778B99924A}.Debug|x64.ActiveCfg = Debug|Any CPU
		{AAC26591-3C61-47B5-BDFE-B7778B99924A}.Debug|x64.Build.0 = Debug|Any CPU
		{AAC26591-3C61-47B5-BDFE-B7778B99924A}.Debug|x86.ActiveCfg = Debug|Any CPU
		{AAC26591-3C61-47B5-BDFE-B7778B99924A}.Debug|x86.Build.0 = Debug|Any CPU
		{AAC26591-3C61-47B5-BDFE-B7778B99924A}.Release|Any CPU.ActiveCfg = Release|Any CPU
		{AAC26591-3C61-47B5-BDFE-B7778B99924A}.Release|Any CPU.Build.0 = Release|Any CPU
		{AAC26591-3C61-47B5-BDFE-B7778B99924A}.Release|x64.ActiveCfg = Release|Any CPU
		{AAC26591-3C61-47B5-BDFE-B7778B99924A}.Release|x64.Build.0 = Release|Any CPU
		{AAC26591-3C61-47B5-BDFE-B7778B99924A}.Release|x86.ActiveCfg = Release|Any CPU
		{AAC26591-3C61-47B5-BDFE-B7778B99924A}.Release|x86.Build.0 = Release|Any CPU
		{3A9B2425-13CD-4D5A-BF89-6DB94A8BA42C}.Debug|Any CPU.ActiveCfg = Debug|Any CPU
		{3A9B2425-13CD-4D5A-BF89-6DB94A8BA42C}.Debug|Any CPU.Build.0 = Debug|Any CPU
		{3A9B2425-13CD-4D5A-BF89-6DB94A8BA42C}.Debug|x64.ActiveCfg = Debug|Any CPU
		{3A9B2425-13CD-4D5A-BF89-6DB94A8BA42C}.Debug|x64.Build.0 = Debug|Any CPU
		{3A9B2425-13CD-4D5A-BF89-6DB94A8BA42C}.Debug|x86.ActiveCfg = Debug|Any CPU
		{3A9B2425-13CD-4D5A-BF89-6DB94A8BA42C}.Debug|x86.Build.0 = Debug|Any CPU
		{3A9B2425-13CD-4D5A-BF89-6DB94A8BA42C}.Release|Any CPU.ActiveCfg = Release|Any CPU
		{3A9B2425-13CD-4D5A-BF89-6DB94A8BA42C}.Release|Any CPU.Build.0 = Release|Any CPU
		{3A9B2425-13CD-4D5A-BF89-6DB94A8BA42C}.Release|x64.ActiveCfg = Release|Any CPU
		{3A9B2425-13CD-4D5A-BF89-6DB94A8BA42C}.Release|x64.Build.0 = Release|Any CPU
		{3A9B2425-13CD-4D5A-BF89-6DB94A8BA42C}.Release|x86.ActiveCfg = Release|Any CPU
		{3A9B2425-13CD-4D5A-BF89-6DB94A8BA42C}.Release|x86.Build.0 = Release|Any CPU
		{81CF9EB1-A708-4564-9F35-342F3B6EEEEA}.Debug|Any CPU.ActiveCfg = Debug|Any CPU
		{81CF9EB1-A708-4564-9F35-342F3B6EEEEA}.Debug|Any CPU.Build.0 = Debug|Any CPU
		{81CF9EB1-A708-4564-9F35-342F3B6EEEEA}.Debug|x64.ActiveCfg = Debug|Any CPU
		{81CF9EB1-A708-4564-9F35-342F3B6EEEEA}.Debug|x64.Build.0 = Debug|Any CPU
		{81CF9EB1-A708-4564-9F35-342F3B6EEEEA}.Debug|x86.ActiveCfg = Debug|Any CPU
		{81CF9EB1-A708-4564-9F35-342F3B6EEEEA}.Debug|x86.Build.0 = Debug|Any CPU
		{81CF9EB1-A708-4564-9F35-342F3B6EEEEA}.Release|Any CPU.ActiveCfg = Release|Any CPU
		{81CF9EB1-A708-4564-9F35-342F3B6EEEEA}.Release|Any CPU.Build.0 = Release|Any CPU
		{81CF9EB1-A708-4564-9F35-342F3B6EEEEA}.Release|x64.ActiveCfg = Release|Any CPU
		{81CF9EB1-A708-4564-9F35-342F3B6EEEEA}.Release|x64.Build.0 = Release|Any CPU
		{81CF9EB1-A708-4564-9F35-342F3B6EEEEA}.Release|x86.ActiveCfg = Release|Any CPU
		{81CF9EB1-A708-4564-9F35-342F3B6EEEEA}.Release|x86.Build.0 = Release|Any CPU
		{ECD64A23-8504-4A68-829D-FB1B6C726C85}.Debug|Any CPU.ActiveCfg = Debug|Any CPU
		{ECD64A23-8504-4A68-829D-FB1B6C726C85}.Debug|Any CPU.Build.0 = Debug|Any CPU
		{ECD64A23-8504-4A68-829D-FB1B6C726C85}.Debug|x64.ActiveCfg = Debug|Any CPU
		{ECD64A23-8504-4A68-829D-FB1B6C726C85}.Debug|x64.Build.0 = Debug|Any CPU
		{ECD64A23-8504-4A68-829D-FB1B6C726C85}.Debug|x86.ActiveCfg = Debug|x86
		{ECD64A23-8504-4A68-829D-FB1B6C726C85}.Debug|x86.Build.0 = Debug|x86
		{ECD64A23-8504-4A68-829D-FB1B6C726C85}.Release|Any CPU.ActiveCfg = Release|Any CPU
		{ECD64A23-8504-4A68-829D-FB1B6C726C85}.Release|Any CPU.Build.0 = Release|Any CPU
		{ECD64A23-8504-4A68-829D-FB1B6C726C85}.Release|x64.ActiveCfg = Release|Any CPU
		{ECD64A23-8504-4A68-829D-FB1B6C726C85}.Release|x64.Build.0 = Release|Any CPU
		{ECD64A23-8504-4A68-829D-FB1B6C726C85}.Release|x86.ActiveCfg = Release|x86
		{ECD64A23-8504-4A68-829D-FB1B6C726C85}.Release|x86.Build.0 = Release|x86
		{0AB27A20-925C-4556-9FA4-6E2C109E448E}.Debug|Any CPU.ActiveCfg = Debug|Any CPU
		{0AB27A20-925C-4556-9FA4-6E2C109E448E}.Debug|Any CPU.Build.0 = Debug|Any CPU
		{0AB27A20-925C-4556-9FA4-6E2C109E448E}.Debug|x64.ActiveCfg = Debug|x64
		{0AB27A20-925C-4556-9FA4-6E2C109E448E}.Debug|x64.Build.0 = Debug|x64
		{0AB27A20-925C-4556-9FA4-6E2C109E448E}.Debug|x86.ActiveCfg = Debug|x86
		{0AB27A20-925C-4556-9FA4-6E2C109E448E}.Debug|x86.Build.0 = Debug|x86
		{0AB27A20-925C-4556-9FA4-6E2C109E448E}.Release|Any CPU.ActiveCfg = Release|Any CPU
		{0AB27A20-925C-4556-9FA4-6E2C109E448E}.Release|Any CPU.Build.0 = Release|Any CPU
		{0AB27A20-925C-4556-9FA4-6E2C109E448E}.Release|x64.ActiveCfg = Release|x64
		{0AB27A20-925C-4556-9FA4-6E2C109E448E}.Release|x64.Build.0 = Release|x64
		{0AB27A20-925C-4556-9FA4-6E2C109E448E}.Release|x86.ActiveCfg = Release|x86
		{0AB27A20-925C-4556-9FA4-6E2C109E448E}.Release|x86.Build.0 = Release|x86
		{F718E9A8-DB62-4785-8C49-4333A60D256A}.Debug|Any CPU.ActiveCfg = Debug|Any CPU
		{F718E9A8-DB62-4785-8C49-4333A60D256A}.Debug|Any CPU.Build.0 = Debug|Any CPU
		{F718E9A8-DB62-4785-8C49-4333A60D256A}.Debug|x64.ActiveCfg = Debug|x64
		{F718E9A8-DB62-4785-8C49-4333A60D256A}.Debug|x64.Build.0 = Debug|x64
		{F718E9A8-DB62-4785-8C49-4333A60D256A}.Debug|x86.ActiveCfg = Debug|x86
		{F718E9A8-DB62-4785-8C49-4333A60D256A}.Debug|x86.Build.0 = Debug|x86
		{F718E9A8-DB62-4785-8C49-4333A60D256A}.Release|Any CPU.ActiveCfg = Release|Any CPU
		{F718E9A8-DB62-4785-8C49-4333A60D256A}.Release|Any CPU.Build.0 = Release|Any CPU
		{F718E9A8-DB62-4785-8C49-4333A60D256A}.Release|x64.ActiveCfg = Release|x64
		{F718E9A8-DB62-4785-8C49-4333A60D256A}.Release|x64.Build.0 = Release|x64
		{F718E9A8-DB62-4785-8C49-4333A60D256A}.Release|x86.ActiveCfg = Release|x86
		{F718E9A8-DB62-4785-8C49-4333A60D256A}.Release|x86.Build.0 = Release|x86
		{FD8101DD-C95D-42D6-AD44-AE01C25F2811}.Debug|Any CPU.ActiveCfg = Debug|Any CPU
		{FD8101DD-C95D-42D6-AD44-AE01C25F2811}.Debug|Any CPU.Build.0 = Debug|Any CPU
		{FD8101DD-C95D-42D6-AD44-AE01C25F2811}.Debug|x64.ActiveCfg = Debug|x64
		{FD8101DD-C95D-42D6-AD44-AE01C25F2811}.Debug|x64.Build.0 = Debug|x64
		{FD8101DD-C95D-42D6-AD44-AE01C25F2811}.Debug|x86.ActiveCfg = Debug|x86
		{FD8101DD-C95D-42D6-AD44-AE01C25F2811}.Debug|x86.Build.0 = Debug|x86
		{FD8101DD-C95D-42D6-AD44-AE01C25F2811}.Release|Any CPU.ActiveCfg = Release|Any CPU
		{FD8101DD-C95D-42D6-AD44-AE01C25F2811}.Release|Any CPU.Build.0 = Release|Any CPU
		{FD8101DD-C95D-42D6-AD44-AE01C25F2811}.Release|x64.ActiveCfg = Release|x64
		{FD8101DD-C95D-42D6-AD44-AE01C25F2811}.Release|x64.Build.0 = Release|x64
		{FD8101DD-C95D-42D6-AD44-AE01C25F2811}.Release|x86.ActiveCfg = Release|x86
		{FD8101DD-C95D-42D6-AD44-AE01C25F2811}.Release|x86.Build.0 = Release|x86
		{07272AD0-99BD-4D72-B02F-9DBD05EE1E41}.Debug|Any CPU.ActiveCfg = Debug|Any CPU
		{07272AD0-99BD-4D72-B02F-9DBD05EE1E41}.Debug|Any CPU.Build.0 = Debug|Any CPU
		{07272AD0-99BD-4D72-B02F-9DBD05EE1E41}.Debug|x64.ActiveCfg = Debug|Any CPU
		{07272AD0-99BD-4D72-B02F-9DBD05EE1E41}.Debug|x64.Build.0 = Debug|Any CPU
		{07272AD0-99BD-4D72-B02F-9DBD05EE1E41}.Debug|x86.ActiveCfg = Debug|Any CPU
		{07272AD0-99BD-4D72-B02F-9DBD05EE1E41}.Debug|x86.Build.0 = Debug|Any CPU
		{07272AD0-99BD-4D72-B02F-9DBD05EE1E41}.Release|Any CPU.ActiveCfg = Release|Any CPU
		{07272AD0-99BD-4D72-B02F-9DBD05EE1E41}.Release|Any CPU.Build.0 = Release|Any CPU
		{07272AD0-99BD-4D72-B02F-9DBD05EE1E41}.Release|x64.ActiveCfg = Release|Any CPU
		{07272AD0-99BD-4D72-B02F-9DBD05EE1E41}.Release|x64.Build.0 = Release|Any CPU
		{07272AD0-99BD-4D72-B02F-9DBD05EE1E41}.Release|x86.ActiveCfg = Release|Any CPU
		{07272AD0-99BD-4D72-B02F-9DBD05EE1E41}.Release|x86.Build.0 = Release|Any CPU
		{8C4560DB-57CE-4C1C-83B5-19284DCBCEF8}.Debug|Any CPU.ActiveCfg = Debug|Any CPU
		{8C4560DB-57CE-4C1C-83B5-19284DCBCEF8}.Debug|Any CPU.Build.0 = Debug|Any CPU
		{8C4560DB-57CE-4C1C-83B5-19284DCBCEF8}.Debug|x64.ActiveCfg = Debug|Any CPU
		{8C4560DB-57CE-4C1C-83B5-19284DCBCEF8}.Debug|x64.Build.0 = Debug|Any CPU
		{8C4560DB-57CE-4C1C-83B5-19284DCBCEF8}.Debug|x86.ActiveCfg = Debug|Any CPU
		{8C4560DB-57CE-4C1C-83B5-19284DCBCEF8}.Debug|x86.Build.0 = Debug|Any CPU
		{8C4560DB-57CE-4C1C-83B5-19284DCBCEF8}.Release|Any CPU.ActiveCfg = Release|Any CPU
		{8C4560DB-57CE-4C1C-83B5-19284DCBCEF8}.Release|Any CPU.Build.0 = Release|Any CPU
		{8C4560DB-57CE-4C1C-83B5-19284DCBCEF8}.Release|x64.ActiveCfg = Release|Any CPU
		{8C4560DB-57CE-4C1C-83B5-19284DCBCEF8}.Release|x64.Build.0 = Release|Any CPU
		{8C4560DB-57CE-4C1C-83B5-19284DCBCEF8}.Release|x86.ActiveCfg = Release|Any CPU
		{8C4560DB-57CE-4C1C-83B5-19284DCBCEF8}.Release|x86.Build.0 = Release|Any CPU
	EndGlobalSection
	GlobalSection(SolutionProperties) = preSolution
		HideSolutionNode = FALSE
	EndGlobalSection
	GlobalSection(NestedProjects) = preSolution
		{B129BE4F-6516-4767-952A-CB2C13B08804} = {47FFEF68-C950-47DB-BAE8-B40C7770FB65}
		{67728CCA-5F38-4536-8E66-BFD9A668F46D} = {47FFEF68-C950-47DB-BAE8-B40C7770FB65}
		{95984166-B597-4E2E-ACAE-1FB4D4EABD89} = {47FFEF68-C950-47DB-BAE8-B40C7770FB65}
		{3D25F9CC-C055-4FEE-9C0C-68FB1E3CDC9F} = {47FFEF68-C950-47DB-BAE8-B40C7770FB65}
		{3D03E974-ABA8-4B32-8328-894B524341C9} = {47FFEF68-C950-47DB-BAE8-B40C7770FB65}
		{3C4F319C-52DC-4FD1-88D5-5A6548B17CAD} = {47FFEF68-C950-47DB-BAE8-B40C7770FB65}
		{AAC26591-3C61-47B5-BDFE-B7778B99924A} = {FD240FC3-08A9-41D8-BBD9-1793929745A2}
		{3A9B2425-13CD-4D5A-BF89-6DB94A8BA42C} = {FD240FC3-08A9-41D8-BBD9-1793929745A2}
		{81CF9EB1-A708-4564-9F35-342F3B6EEEEA} = {FD240FC3-08A9-41D8-BBD9-1793929745A2}
		{616378DD-74F8-4D1B-BB3F-8F1E15A32BEF} = {FD240FC3-08A9-41D8-BBD9-1793929745A2}
		{ECD64A23-8504-4A68-829D-FB1B6C726C85} = {616378DD-74F8-4D1B-BB3F-8F1E15A32BEF}
		{0AB27A20-925C-4556-9FA4-6E2C109E448E} = {34DA1E55-01AD-48BF-9C84-CD1CB7083823}
		{F718E9A8-DB62-4785-8C49-4333A60D256A} = {34DA1E55-01AD-48BF-9C84-CD1CB7083823}
		{FD8101DD-C95D-42D6-AD44-AE01C25F2811} = {34DA1E55-01AD-48BF-9C84-CD1CB7083823}
		{34DA1E55-01AD-48BF-9C84-CD1CB7083823} = {616378DD-74F8-4D1B-BB3F-8F1E15A32BEF}
		{7458DB2A-969C-47DC-A707-E20D1ED0B1C7} = {FD240FC3-08A9-41D8-BBD9-1793929745A2}
		{07272AD0-99BD-4D72-B02F-9DBD05EE1E41} = {7458DB2A-969C-47DC-A707-E20D1ED0B1C7}
		{8C4560DB-57CE-4C1C-83B5-19284DCBCEF8} = {7458DB2A-969C-47DC-A707-E20D1ED0B1C7}
	EndGlobalSection
	GlobalSection(ExtensibilityGlobals) = postSolution
		SolutionGuid = {17EE18A8-05C6-440D-BAE9-A89D65AA648E}
	EndGlobalSection
EndGlobal
