
Microsoft Visual Studio Solution File, Format Version 12.00
# Visual Studio Version 16
VisualStudioVersion = 16.0.29609.76
MinimumVisualStudioVersion = 10.0.40219.1
Project("{FAE04EC0-301F-11D3-BF4B-00C04F79EFBC}") = "BasicOCR", "ImgBinEg\BasicOCR.csproj", "{3F3DCFAF-D50C-4BA1-8716-6F1E656BFD2D}"
EndProject
Project("{FAE04EC0-301F-11D3-BF4B-00C04F79EFBC}") = "demo", "demo\demo.csproj", "{5E98E196-86AD-4FB8-A390-AC30CE1589C7}"
EndProject
Project("{FAE04EC0-301F-11D3-BF4B-00C04F79EFBC}") = "FaceDetection", "FaceDetection\FaceDetection.csproj", "{19B7712E-2898-40AC-864F-5595667724C5}"
EndProject
Project("{FAE04EC0-301F-11D3-BF4B-00C04F79EFBC}") = "Emgu.CV.Test", "Emgu.CV.Test\Emgu.CV.Test.csproj", "{B129BE4F-6516-4767-952A-CB2C13B08804}"
EndProject
Project("{FAE04EC0-301F-11D3-BF4B-00C04F79EFBC}") = "LicensePlateRecognition", "LicensePlateRecognition\LicensePlateRecognition.csproj", "{67728CCA-5F38-4536-8E66-BFD9A668F46D}"
EndProject
Project("{FAE04EC0-301F-11D3-BF4B-00C04F79EFBC}") = "Emgu.CV.HelloWorld", "Emgu.CV.HelloWorld\Emgu.CV.HelloWorld.csproj", "{95984166-B597-4E2E-ACAE-1FB4D4EABD89}"
EndProject
Project("{2150E333-8FDC-42A3-9474-1A3956D46DE8}") = "Emgu.CV", "Emgu.CV", "{47FFEF68-C950-47DB-BAE8-B40C7770FB65}"
EndProject
Project("{FAE04EC0-301F-11D3-BF4B-00C04F79EFBC}") = "ShapeDetection", "ShapeDetection\ShapeDetection.csproj", "{3D25F9CC-C055-4FEE-9C0C-68FB1E3CDC9F}"
EndProject
Project("{FAE04EC0-301F-11D3-BF4B-00C04F79EFBC}") = "MotionDetection", "MotionDetection\MotionDetection.csproj", "{3D03E974-ABA8-4B32-8328-894B524341C9}"
EndProject
Project("{FAE04EC0-301F-11D3-BF4B-00C04F79EFBC}") = "OCR", "OCR\OCR.csproj", "{3C4F319C-52DC-4FD1-88D5-5A6548B17CAD}"
EndProject
Project("{2150E333-8FDC-42A3-9474-1A3956D46DE8}") = "Tesseract", "Tesseract", "{FD240FC3-08A9-41D8-BBD9-1793929745A2}"
EndProject
Project("{FAE04EC0-301F-11D3-BF4B-00C04F79EFBC}") = "ConvertBitmapToPix", "ConvertBitmapToPix\ConvertBitmapToPix.csproj", "{AAC26591-3C61-47B5-BDFE-B7778B99924A}"
EndProject
Global
	GlobalSection(SolutionConfigurationPlatforms) = preSolution
		Debug|Any CPU = Debug|Any CPU
		Debug|x86 = Debug|x86
		Release|Any CPU = Release|Any CPU
		Release|x86 = Release|x86
	EndGlobalSection
	GlobalSection(ProjectConfigurationPlatforms) = postSolution
		{3F3DCFAF-D50C-4BA1-8716-6F1E656BFD2D}.Debug|Any CPU.ActiveCfg = Debug|Any CPU
		{3F3DCFAF-D50C-4BA1-8716-6F1E656BFD2D}.Debug|Any CPU.Build.0 = Debug|Any CPU
		{3F3DCFAF-D50C-4BA1-8716-6F1E656BFD2D}.Debug|x86.ActiveCfg = Debug|Any CPU
		{3F3DCFAF-D50C-4BA1-8716-6F1E656BFD2D}.Debug|x86.Build.0 = Debug|Any CPU
		{3F3DCFAF-D50C-4BA1-8716-6F1E656BFD2D}.Release|Any CPU.ActiveCfg = Release|Any CPU
		{3F3DCFAF-D50C-4BA1-8716-6F1E656BFD2D}.Release|Any CPU.Build.0 = Release|Any CPU
		{3F3DCFAF-D50C-4BA1-8716-6F1E656BFD2D}.Release|x86.ActiveCfg = Release|Any CPU
		{3F3DCFAF-D50C-4BA1-8716-6F1E656BFD2D}.Release|x86.Build.0 = Release|Any CPU
		{5E98E196-86AD-4FB8-A390-AC30CE1589C7}.Debug|Any CPU.ActiveCfg = Debug|Any CPU
		{5E98E196-86AD-4FB8-A390-AC30CE1589C7}.Debug|Any CPU.Build.0 = Debug|Any CPU
		{5E98E196-86AD-4FB8-A390-AC30CE1589C7}.Debug|x86.ActiveCfg = Debug|Any CPU
		{5E98E196-86AD-4FB8-A390-AC30CE1589C7}.Debug|x86.Build.0 = Debug|Any CPU
		{5E98E196-86AD-4FB8-A390-AC30CE1589C7}.Release|Any CPU.ActiveCfg = Release|Any CPU
		{5E98E196-86AD-4FB8-A390-AC30CE1589C7}.Release|Any CPU.Build.0 = Release|Any CPU
		{5E98E196-86AD-4FB8-A390-AC30CE1589C7}.Release|x86.ActiveCfg = Release|Any CPU
		{5E98E196-86AD-4FB8-A390-AC30CE1589C7}.Release|x86.Build.0 = Release|Any CPU
		{19B7712E-2898-40AC-864F-5595667724C5}.Debug|Any CPU.ActiveCfg = Debug|Any CPU
		{19B7712E-2898-40AC-864F-5595667724C5}.Debug|Any CPU.Build.0 = Debug|Any CPU
		{19B7712E-2898-40AC-864F-5595667724C5}.Debug|x86.ActiveCfg = Debug|Any CPU
		{19B7712E-2898-40AC-864F-5595667724C5}.Debug|x86.Build.0 = Debug|Any CPU
		{19B7712E-2898-40AC-864F-5595667724C5}.Release|Any CPU.ActiveCfg = Release|Any CPU
		{19B7712E-2898-40AC-864F-5595667724C5}.Release|Any CPU.Build.0 = Release|Any CPU
		{19B7712E-2898-40AC-864F-5595667724C5}.Release|x86.ActiveCfg = Release|Any CPU
		{19B7712E-2898-40AC-864F-5595667724C5}.Release|x86.Build.0 = Release|Any CPU
		{B129BE4F-6516-4767-952A-CB2C13B08804}.Debug|Any CPU.ActiveCfg = Debug|Any CPU
		{B129BE4F-6516-4767-952A-CB2C13B08804}.Debug|Any CPU.Build.0 = Debug|Any CPU
		{B129BE4F-6516-4767-952A-CB2C13B08804}.Debug|x86.ActiveCfg = Debug|Any CPU
		{B129BE4F-6516-4767-952A-CB2C13B08804}.Debug|x86.Build.0 = Debug|Any CPU
		{B129BE4F-6516-4767-952A-CB2C13B08804}.Release|Any CPU.ActiveCfg = Release|Any CPU
		{B129BE4F-6516-4767-952A-CB2C13B08804}.Release|Any CPU.Build.0 = Release|Any CPU
		{B129BE4F-6516-4767-952A-CB2C13B08804}.Release|x86.ActiveCfg = Release|Any CPU
		{B129BE4F-6516-4767-952A-CB2C13B08804}.Release|x86.Build.0 = Release|Any CPU
		{67728CCA-5F38-4536-8E66-BFD9A668F46D}.Debug|Any CPU.ActiveCfg = Debug|Any CPU
		{67728CCA-5F38-4536-8E66-BFD9A668F46D}.Debug|Any CPU.Build.0 = Debug|Any CPU
		{67728CCA-5F38-4536-8E66-BFD9A668F46D}.Debug|x86.ActiveCfg = Debug|Any CPU
		{67728CCA-5F38-4536-8E66-BFD9A668F46D}.Debug|x86.Build.0 = Debug|Any CPU
		{67728CCA-5F38-4536-8E66-BFD9A668F46D}.Release|Any CPU.ActiveCfg = Release|Any CPU
		{67728CCA-5F38-4536-8E66-BFD9A668F46D}.Release|Any CPU.Build.0 = Release|Any CPU
		{67728CCA-5F38-4536-8E66-BFD9A668F46D}.Release|x86.ActiveCfg = Release|Any CPU
		{67728CCA-5F38-4536-8E66-BFD9A668F46D}.Release|x86.Build.0 = Release|Any CPU
		{95984166-B597-4E2E-ACAE-1FB4D4EABD89}.Debug|Any CPU.ActiveCfg = Debug|Any CPU
		{95984166-B597-4E2E-ACAE-1FB4D4EABD89}.Debug|Any CPU.Build.0 = Debug|Any CPU
		{95984166-B597-4E2E-ACAE-1FB4D4EABD89}.Debug|x86.ActiveCfg = Debug|Any CPU
		{95984166-B597-4E2E-ACAE-1FB4D4EABD89}.Debug|x86.Build.0 = Debug|Any CPU
		{95984166-B597-4E2E-ACAE-1FB4D4EABD89}.Release|Any CPU.ActiveCfg = Release|Any CPU
		{95984166-B597-4E2E-ACAE-1FB4D4EABD89}.Release|Any CPU.Build.0 = Release|Any CPU
		{95984166-B597-4E2E-ACAE-1FB4D4EABD89}.Release|x86.ActiveCfg = Release|Any CPU
		{95984166-B597-4E2E-ACAE-1FB4D4EABD89}.Release|x86.Build.0 = Release|Any CPU
		{3D25F9CC-C055-4FEE-9C0C-68FB1E3CDC9F}.Debug|Any CPU.ActiveCfg = Debug|Any CPU
		{3D25F9CC-C055-4FEE-9C0C-68FB1E3CDC9F}.Debug|Any CPU.Build.0 = Debug|Any CPU
		{3D25F9CC-C055-4FEE-9C0C-68FB1E3CDC9F}.Debug|x86.ActiveCfg = Debug|Any CPU
		{3D25F9CC-C055-4FEE-9C0C-68FB1E3CDC9F}.Debug|x86.Build.0 = Debug|Any CPU
		{3D25F9CC-C055-4FEE-9C0C-68FB1E3CDC9F}.Release|Any CPU.ActiveCfg = Release|Any CPU
		{3D25F9CC-C055-4FEE-9C0C-68FB1E3CDC9F}.Release|Any CPU.Build.0 = Release|Any CPU
		{3D25F9CC-C055-4FEE-9C0C-68FB1E3CDC9F}.Release|x86.ActiveCfg = Release|Any CPU
		{3D25F9CC-C055-4FEE-9C0C-68FB1E3CDC9F}.Release|x86.Build.0 = Release|Any CPU
		{3D03E974-ABA8-4B32-8328-894B524341C9}.Debug|Any CPU.ActiveCfg = Debug|Any CPU
		{3D03E974-ABA8-4B32-8328-894B524341C9}.Debug|Any CPU.Build.0 = Debug|Any CPU
		{3D03E974-ABA8-4B32-8328-894B524341C9}.Debug|x86.ActiveCfg = Debug|Any CPU
		{3D03E974-ABA8-4B32-8328-894B524341C9}.Debug|x86.Build.0 = Debug|Any CPU
		{3D03E974-ABA8-4B32-8328-894B524341C9}.Release|Any CPU.ActiveCfg = Release|Any CPU
		{3D03E974-ABA8-4B32-8328-894B524341C9}.Release|Any CPU.Build.0 = Release|Any CPU
		{3D03E974-ABA8-4B32-8328-894B524341C9}.Release|x86.ActiveCfg = Release|Any CPU
		{3D03E974-ABA8-4B32-8328-894B524341C9}.Release|x86.Build.0 = Release|Any CPU
		{3C4F319C-52DC-4FD1-88D5-5A6548B17CAD}.Debug|Any CPU.ActiveCfg = Debug|Any CPU
		{3C4F319C-52DC-4FD1-88D5-5A6548B17CAD}.Debug|Any CPU.Build.0 = Debug|Any CPU
		{3C4F319C-52DC-4FD1-88D5-5A6548B17CAD}.Debug|x86.ActiveCfg = Debug|Any CPU
		{3C4F319C-52DC-4FD1-88D5-5A6548B17CAD}.Debug|x86.Build.0 = Debug|Any CPU
		{3C4F319C-52DC-4FD1-88D5-5A6548B17CAD}.Release|Any CPU.ActiveCfg = Release|Any CPU
		{3C4F319C-52DC-4FD1-88D5-5A6548B17CAD}.Release|Any CPU.Build.0 = Release|Any CPU
		{3C4F319C-52DC-4FD1-88D5-5A6548B17CAD}.Release|x86.ActiveCfg = Release|Any CPU
		{3C4F319C-52DC-4FD1-88D5-5A6548B17CAD}.Release|x86.Build.0 = Release|Any CPU
		{AAC26591-3C61-47B5-BDFE-B7778B99924A}.Debug|Any CPU.ActiveCfg = Debug|Any CPU
		{AAC26591-3C61-47B5-BDFE-B7778B99924A}.Debug|Any CPU.Build.0 = Debug|Any CPU
		{AAC26591-3C61-47B5-BDFE-B7778B99924A}.Debug|x86.ActiveCfg = Debug|Any CPU
		{AAC26591-3C61-47B5-BDFE-B7778B99924A}.Debug|x86.Build.0 = Debug|Any CPU
		{AAC26591-3C61-47B5-BDFE-B7778B99924A}.Release|Any CPU.ActiveCfg = Release|Any CPU
		{AAC26591-3C61-47B5-BDFE-B7778B99924A}.Release|Any CPU.Build.0 = Release|Any CPU
		{AAC26591-3C61-47B5-BDFE-B7778B99924A}.Release|x86.ActiveCfg = Release|Any CPU
		{AAC26591-3C61-47B5-BDFE-B7778B99924A}.Release|x86.Build.0 = Release|Any CPU
	EndGlobalSection
	GlobalSection(SolutionProperties) = preSolution
		HideSolutionNode = FALSE
	EndGlobalSection
	GlobalSection(NestedProjects) = preSolution
		{B129BE4F-6516-4767-952A-CB2C13B08804} = {47FFEF68-C950-47DB-BAE8-B40C7770FB65}
		{67728CCA-5F38-4536-8E66-BFD9A668F46D} = {47FFEF68-C950-47DB-BAE8-B40C7770FB65}
		{95984166-B597-4E2E-ACAE-1FB4D4EABD89} = {47FFEF68-C950-47DB-BAE8-B40C7770FB65}
		{3D25F9CC-C055-4FEE-9C0C-68FB1E3CDC9F} = {47FFEF68-C950-47DB-BAE8-B40C7770FB65}
		{3D03E974-ABA8-4B32-8328-894B524341C9} = {47FFEF68-C950-47DB-BAE8-B40C7770FB65}
		{3C4F319C-52DC-4FD1-88D5-5A6548B17CAD} = {47FFEF68-C950-47DB-BAE8-B40C7770FB65}
		{AAC26591-3C61-47B5-BDFE-B7778B99924A} = {FD240FC3-08A9-41D8-BBD9-1793929745A2}
	EndGlobalSection
	GlobalSection(ExtensibilityGlobals) = postSolution
		SolutionGuid = {17EE18A8-05C6-440D-BAE9-A89D65AA648E}
	EndGlobalSection
EndGlobal
